# This file was autogenerated by Stack.
# You should not edit this file by hand.
# For more information, please see the documentation at:
#   https://docs.haskellstack.org/en/stable/lock_files

packages:
- completed:
    hackage: haskell-src-exts-1.23.1@sha256:339841f4a6710e915a0bac8df18d8a454c11d626131aee4d05b6be150b7f863e,4577
    pantry-tree:
      sha256: 572aeb73c927ca9b4df7b9a32345dfdc1ba72b7d4af1c38dc12cd6bc2843d88f
      size: 97804
  original:
    hackage: haskell-src-exts-1.23.1
- completed:
    hackage: happy-1.20.1.1@sha256:a381633c5e8f9e9e5a8e1900930ce13172397b4677fcfcc08cd38eb3f73b61b1,5811
    pantry-tree:
      sha256: a5b8a3cd39ffabdf0deb31483eb97cc2c270083738ceeddff75a894a953f6b92
      size: 8615
  original:
    hackage: happy-1.20.1.1
- completed:
    hackage: random-1.2.1.1@sha256:dea1f11e5569332dc6c8efaad1cb301016a5587b6754943a49f9de08ae0e56d9,6541
    pantry-tree:
      sha256: 646ee77fe01178837ee928b61ae8653dcf190e9b5353ebebd094079c77a18b76
      size: 1528
  original:
    hackage: random-1.2.1.1
- completed:
    hackage: splitmix-0.1.0.4@sha256:db25c2e17967aa6b6046ab8b1b96ba3f344ca59a62b60fb6113d51ea305a3d8e,6537
    pantry-tree:
      sha256: d0ee67a1005ff3b666d3edce14e0b1f9ff966de7d090f6340fd436d958293839
      size: 1519
  original:
    hackage: splitmix-0.1.0.4
- completed:
    hackage: parallel-3.2.2.0@sha256:c652c3c6e927ba461f40ee374f80e2e1ecfe833e950654d4303a3b15597624b8,1821
    pantry-tree:
      sha256: fbb22d782802e76dcb2ba04f51a759f637fbf849b85c77311ff4200612157fc8
      size: 392
  original:
    hackage: parallel-3.2.2.0
- completed:
    hackage: optparse-applicative-0.17.0.0@sha256:0713e54cbb341e5cae979e2ac441eb3a5ff42e303001f432bd58c19e5638bdda,4967
    pantry-tree:
      sha256: 3b4398845ee6718fe2303870a5ab75bd190eb712fed2f22caaae30f790c490fd
      size: 3124
  original:
    hackage: optparse-applicative-0.17.0.0
- completed:
    hackage: ansi-wl-pprint-0.6.9@sha256:212144ea0623b1170807a4162db05d87f26cf10b334aeadd0edb377aba06a1ce,2425
    pantry-tree:
      sha256: 0a2390ba39c3b84f68e382cb25b58cea66d61a89dab818bb5e2a6c12642e2e21
      size: 472
  original:
    hackage: ansi-wl-pprint-0.6.9
- completed:
    hackage: transformers-compat-0.7.2@sha256:044fb9955f63ee138fcebedfdcbe54afe741f2d5892a2d0bdf3a8052bd342643,5601
    pantry-tree:
      sha256: f49610c6a2faf82111e5d4222576f4afbcfa904bf56665232c5aa077dfc7578f
      size: 1724
  original:
    hackage: transformers-compat-0.7.2
- completed:
    hackage: ansi-terminal-0.11.5@sha256:2fe3d006b9ea0dc1a5537a029edb0bc2bbe56a33a6d95264b38b54c58e931e51,3752
    pantry-tree:
      sha256: a9564fdb057ec50fd46b14cd2964fff101dcd0ed5a8c13b72ddeba736a600cba
      size: 1388
  original:
    hackage: ansi-terminal-0.11.5
- completed:
    hackage: ansi-terminal-types-0.11.5@sha256:f78440dfd95c4509e88855ac7cc2d9566ddf956a92c1290404cac93ad1a1b00a,1482
    pantry-tree:
      sha256: 0a03e697837c4fae43543f3be0fcf9d88157ba637fbd1b656fc8bf79b1656a14
      size: 291
  original:
    hackage: ansi-terminal-types-0.11.5
- completed:
    hackage: colour-2.3.6@sha256:ebdcbf15023958838a527e381ab3c3b1e99ed12d1b25efeb7feaa4ad8c37664a,2378
    pantry-tree:
      sha256: 03f8e22f364deb86098dbfbe0bf83c896437b2355f139abdac0402658fb6ac7e
      size: 1183
  original:
    hackage: colour-2.3.6
snapshots: []
