# This file was autogenerated by Stack.
# You should not edit this file by hand.
# For more information, please see the documentation at:
#   https://docs.haskellstack.org/en/stable/lock_files

packages:
- completed:
    hackage: haskell-src-exts-1.23.1@sha256:339841f4a6710e915a0bac8df18d8a454c11d626131aee4d05b6be150b7f863e,4577
    pantry-tree:
      sha256: 572aeb73c927ca9b4df7b9a32345dfdc1ba72b7d4af1c38dc12cd6bc2843d88f
      size: 97804
  original:
    hackage: haskell-src-exts-1.23.1
- completed:
    hackage: happy-1.20.1.1@sha256:a381633c5e8f9e9e5a8e1900930ce13172397b4677fcfcc08cd38eb3f73b61b1,5811
    pantry-tree:
      sha256: a5b8a3cd39ffabdf0deb31483eb97cc2c270083738ceeddff75a894a953f6b92
      size: 8615
  original:
    hackage: happy-1.20.1.1
- completed:
    hackage: random-1.2.1.1@sha256:dea1f11e5569332dc6c8efaad1cb301016a5587b6754943a49f9de08ae0e56d9,6541
    pantry-tree:
      sha256: 646ee77fe01178837ee928b61ae8653dcf190e9b5353ebebd094079c77a18b76
      size: 1528
  original:
    hackage: random-1.2.1.1
- completed:
    hackage: splitmix-0.1.0.4@sha256:db25c2e17967aa6b6046ab8b1b96ba3f344ca59a62b60fb6113d51ea305a3d8e,6537
    pantry-tree:
      sha256: d0ee67a1005ff3b666d3edce14e0b1f9ff966de7d090f6340fd436d958293839
      size: 1519
  original:
    hackage: splitmix-0.1.0.4
- completed:
    hackage: parallel-3.2.2.0@sha256:c652c3c6e927ba461f40ee374f80e2e1ecfe833e950654d4303a3b15597624b8,1821
    pantry-tree:
      sha256: fbb22d782802e76dcb2ba04f51a759f637fbf849b85c77311ff4200612157fc8
      size: 392
  original:
    hackage: parallel-3.2.2.0
- completed:
    hackage: optparse-applicative-0.17.0.0@sha256:0713e54cbb341e5cae979e2ac441eb3a5ff42e303001f432bd58c19e5638bdda,4967
    pantry-tree:
      sha256: 3b4398845ee6718fe2303870a5ab75bd190eb712fed2f22caaae30f790c490fd
      size: 3124
  original:
    hackage: optparse-applicative-0.17.0.0
- completed:
    hackage: ansi-wl-pprint-0.6.9@sha256:212144ea0623b1170807a4162db05d87f26cf10b334aeadd0edb377aba06a1ce,2425
    pantry-tree:
      sha256: 0a2390ba39c3b84f68e382cb25b58cea66d61a89dab818bb5e2a6c12642e2e21
      size: 472
  original:
    hackage: ansi-wl-pprint-0.6.9
- completed:
    hackage: transformers-compat-0.7.2@sha256:044fb9955f63ee138fcebedfdcbe54afe741f2d5892a2d0bdf3a8052bd342643,5601
    pantry-tree:
      sha256: f49610c6a2faf82111e5d4222576f4afbcfa904bf56665232c5aa077dfc7578f
      size: 1724
  original:
    hackage: transformers-compat-0.7.2
- completed:
    hackage: ansi-terminal-0.11.5@sha256:2fe3d006b9ea0dc1a5537a029edb0bc2bbe56a33a6d95264b38b54c58e931e51,3752
    pantry-tree:
      sha256: a9564fdb057ec50fd46b14cd2964fff101dcd0ed5a8c13b72ddeba736a600cba
      size: 1388
  original:
    hackage: ansi-terminal-0.11.5
- completed:
    hackage: ansi-terminal-types-0.11.5@sha256:f78440dfd95c4509e88855ac7cc2d9566ddf956a92c1290404cac93ad1a1b00a,1482
    pantry-tree:
      sha256: 0a03e697837c4fae43543f3be0fcf9d88157ba637fbd1b656fc8bf79b1656a14
      size: 291
  original:
    hackage: ansi-terminal-types-0.11.5
- completed:
    hackage: colour-2.3.6@sha256:ebdcbf15023958838a527e381ab3c3b1e99ed12d1b25efeb7feaa4ad8c37664a,2378
    pantry-tree:
      sha256: 03f8e22f364deb86098dbfbe0bf83c896437b2355f139abdac0402658fb6ac7e
      size: 1183
  original:
    hackage: colour-2.3.6
- completed:
    hackage: network-simple-0.4.5@sha256:22ff42a4e6b25a0dba498c558ff82e04e2cdcac7932082b620fea406fa32de8d,1320
    pantry-tree:
      sha256: ad6f783059f3406ce9f29cbe9eb1c2f35fc011f7607152c3c1d9ea829722e838
      size: 564
  original:
    hackage: network-simple-0.4.5
- completed:
    hackage: network-3.1.4.0@sha256:d50e055f45bd09a8238200ec64ffa0f17492c32cdb5807487894388ce1c2f839,5186
    pantry-tree:
      sha256: b8307960df0995ffc0d06c4c536d7b2fb2da4af8ff1e99575ca058b68ea8c5f8
      size: 3977
  original:
    hackage: network-3.1.4.0
- completed:
    hackage: network-bsd-2.8.1.0@sha256:cd945ea08818281e4a8fa6f0a0640a1502aad3748546a3c197e071772452a9bd,3738
    pantry-tree:
      sha256: f8f2a2d68923368c37ceedb8935fafe39ae6dc1ec9e89e7ddad09088c2b3b053
      size: 264
  original:
    hackage: network-bsd-2.8.1.0
- completed:
    hackage: safe-exceptions-0.1.7.4@sha256:f4aad0eca90044cb1eba53b84f75d5fa142d25d695117730bf31178d409c4fe0,1398
    pantry-tree:
      sha256: 3531373b84e300871a9b1a5d94e4fef72bc3ac765ce12a4f732f8c197c512bbb
      size: 511
  original:
    hackage: safe-exceptions-0.1.7.4
- completed:
    hackage: socks-0.6.1@sha256:ac190808eea704672df18f702e8f2ad0b7a4d0af528e95ee55ea6ee0be672e2a,1258
    pantry-tree:
      sha256: 53d29c06c42e737ae99660e077c7c4b286f1272b3394ad7f74163867a5b3b8fa
      size: 692
  original:
    hackage: socks-0.6.1
- completed:
    hackage: basement-0.0.16@sha256:e9458cbe67f396fb81900ec65852a582a2b7febd09b17a85adee576c8d7cc321,5404
    pantry-tree:
      sha256: 868afcc62edd1c3af6405ee0a5d1bcc0cdc0919114e26299c7fd63706c750973
      size: 5799
  original:
    hackage: basement-0.0.16
- completed:
    hackage: cereal-0.5.8.3@sha256:87a227c7b510217ea059db3dd59d9665edd8f0d1d3d8de39458e371a1d9402fb,2767
    pantry-tree:
      sha256: 2d570ae699908d131b63fe176115809982f86ec4589cdbf42848aa2ca79209cb
      size: 641
  original:
    hackage: cereal-0.5.8.3
- completed:
    hackage: async-2.2.4@sha256:46367dc0c8326dcbeb7b93f200b567491c2f6029bccf822b8bb26ee660397e08,3112
    pantry-tree:
      sha256: c7475b437d4a2c50b57148192fb2f859a81bb7970cf28c4af2e57105c610ff72
      size: 501
  original:
    hackage: async-2.2.4
- completed:
    hackage: hashable-1.4.2.0@sha256:585792335d5541dba78fa8dfcb291a89cd5812a281825ff7a44afa296ab5d58a,4520
    pantry-tree:
      sha256: 792a6cab3f15c5db29d759c8ca735d0be5f4c94f363329652f8b9780009d0829
      size: 1248
  original:
    hackage: hashable-1.4.2.0
- completed:
    hackage: data-array-byte-0.1.0.1@sha256:2ef1bd3511e82ba56f7f23cd793dd2da84338a1e7c2cbea5b151417afe3baada,1989
    pantry-tree:
      sha256: 3e2e40055eef1b63c43900296d2584d2911a24ad7016d3d73bd9c73150287212
      size: 326
  original:
    hackage: data-array-byte-0.1.0.1
snapshots: []
